
Microsoft Visual Studio Solution File, Format Version 12.00
# Visual Studio 15
VisualStudioVersion = 15.0.26730.12
MinimumVisualStudioVersion = 10.0.40219.1
Project("{9A19103F-16F7-4668-BE54-9A1E7A4F7556}") = "ExpressionTreeSample", "ExpressionTreeSample.csproj", "{607CAFF6-657F-4BF9-A83E-7F429FB34CA6}"
EndProject
Project("{9A19103F-16F7-4668-BE54-9A1E7A4F7556}") = "DataLib", "..\..\DataLib\DataLib.csproj", "{5BF72CF8-49FB-48B7-85C4-8C11A28DB360}"
EndProject
Global
	GlobalSection(SolutionConfigurationPlatforms) = preSolution
		Debug|Any CPU = Debug|Any CPU
		Release|Any CPU = Release|Any CPU
	EndGlobalSection
	GlobalSection(ProjectConfigurationPlatforms) = postSolution
		{607CAFF6-657F-4BF9-A83E-7F429FB34CA6}.Debug|Any CPU.ActiveCfg = Debug|Any CPU
		{607CAFF6-657F-4BF9-A83E-7F429FB34CA6}.Debug|Any CPU.Build.0 = Debug|Any CPU
		{607CAFF6-657F-4BF9-A83E-7F429FB34CA6}.Release|Any CPU.ActiveCfg = Release|Any CPU
		{607CAFF6-657F-4BF9-A83E-7F429FB34CA6}.Release|Any CPU.Build.0 = Release|Any CPU
		{5BF72CF8-49FB-48B7-85C4-8C11A28DB360}.Debug|Any CPU.ActiveCfg = Debug|Any CPU
		{5BF72CF8-49FB-48B7-85C4-8C11A28DB360}.Debug|Any CPU.Build.0 = Debug|Any CPU
		{5BF72CF8-49FB-48B7-85C4-8C11A28DB360}.Release|Any CPU.ActiveCfg = Release|Any CPU
		{5BF72CF8-49FB-48B7-85C4-8C11A28DB360}.Release|Any CPU.Build.0 = Release|Any CPU
	EndGlobalSection
	GlobalSection(SolutionProperties) = preSolution
		HideSolutionNode = FALSE
	EndGlobalSection
	GlobalSection(ExtensibilityGlobals) = postSolution
		SolutionGuid = {6339F9E8-923E-49B5-8119-562577AFE488}
	EndGlobalSection
EndGlobal
