
Microsoft Visual Studio Solution File, Format Version 12.00
# Visual Studio 15
VisualStudioVersion = 15.0.26730.15
MinimumVisualStudioVersion = 10.0.40219.1
Project("{FAE04EC0-301F-11D3-BF4B-00C04F79EFBC}") = "EFCoreCodeFirstWithDotnetFramework", "EFCoreCodeFirstWithDotnetFramework\EFCoreCodeFirstWithDotnetFramework.csproj", "{202D06C5-D438-482C-B44E-45C15C21EC62}"
EndProject
Global
	GlobalSection(SolutionConfigurationPlatforms) = preSolution
		Debug|Any CPU = Debug|Any CPU
		Release|Any CPU = Release|Any CPU
	EndGlobalSection
	GlobalSection(ProjectConfigurationPlatforms) = postSolution
		{202D06C5-D438-482C-B44E-45C15C21EC62}.Debug|Any CPU.ActiveCfg = Debug|Any CPU
		{202D06C5-D438-482C-B44E-45C15C21EC62}.Debug|Any CPU.Build.0 = Debug|Any CPU
		{202D06C5-D438-482C-B44E-45C15C21EC62}.Release|Any CPU.ActiveCfg = Release|Any CPU
		{202D06C5-D438-482C-B44E-45C15C21EC62}.Release|Any CPU.Build.0 = Release|Any CPU
	EndGlobalSection
	GlobalSection(SolutionProperties) = preSolution
		HideSolutionNode = FALSE
	EndGlobalSection
	GlobalSection(ExtensibilityGlobals) = postSolution
		SolutionGuid = {8D31BEBF-6267-472E-BB60-E7E2B99CCEAC}
	EndGlobalSection
EndGlobal
