
Microsoft Visual Studio Solution File, Format Version 12.00
# Visual Studio 15
VisualStudioVersion = 15.0.26730.12
MinimumVisualStudioVersion = 10.0.40219.1
Project("{FAE04EC0-301F-11D3-BF4B-00C04F79EFBC}") = "ArraysAndCollections", "ArraysAndCollections\ArraysAndCollections.csproj", "{E670798A-523D-474B-98F3-7144082E3824}"
EndProject
Global
	GlobalSection(SolutionConfigurationPlatforms) = preSolution
		Debug|Any CPU = Debug|Any CPU
		Release|Any CPU = Release|Any CPU
	EndGlobalSection
	GlobalSection(ProjectConfigurationPlatforms) = postSolution
		{E670798A-523D-474B-98F3-7144082E3824}.Debug|Any CPU.ActiveCfg = Debug|Any CPU
		{E670798A-523D-474B-98F3-7144082E3824}.Debug|Any CPU.Build.0 = Debug|Any CPU
		{E670798A-523D-474B-98F3-7144082E3824}.Release|Any CPU.ActiveCfg = Release|Any CPU
		{E670798A-523D-474B-98F3-7144082E3824}.Release|Any CPU.Build.0 = Release|Any CPU
	EndGlobalSection
	GlobalSection(SolutionProperties) = preSolution
		HideSolutionNode = FALSE
	EndGlobalSection
	GlobalSection(ExtensibilityGlobals) = postSolution
		SolutionGuid = {C183A4E3-4544-4F4D-8537-4E7E97868C5E}
	EndGlobalSection
EndGlobal
